
Microsoft Visual Studio Solution File, Format Version 12.00
# Visual Studio Version 17
VisualStudioVersion = 17.5.33424.131
MinimumVisualStudioVersion = 10.0.40219.1
Project("{9A19103F-16F7-4668-BE54-9A1E7A4F7556}") = "CraftMaster", "CraftMaster.csproj", "{6C3A5A46-D05E-4F9C-A0E3-2940C9911AF1}"
EndProject
Global
	GlobalSection(SolutionConfigurationPlatforms) = preSolution
		Debug|Any CPU = Debug|Any CPU
		Release|Any CPU = Release|Any CPU
	EndGlobalSection
	GlobalSection(ProjectConfigurationPlatforms) = postSolution
		{6C3A5A46-D05E-4F9C-A0E3-2940C9911AF1}.Debug|Any CPU.ActiveCfg = Debug|Any CPU
		{6C3A5A46-D05E-4F9C-A0E3-2940C9911AF1}.Debug|Any CPU.Build.0 = Debug|Any CPU
		{6C3A5A46-D05E-4F9C-A0E3-2940C9911AF1}.Release|Any CPU.ActiveCfg = Release|Any CPU
		{6C3A5A46-D05E-4F9C-A0E3-2940C9911AF1}.Release|Any CPU.Build.0 = Release|Any CPU
	EndGlobalSection
	GlobalSection(SolutionProperties) = preSolution
		HideSolutionNode = FALSE
	EndGlobalSection
	GlobalSection(ExtensibilityGlobals) = postSolution
		SolutionGuid = {2FBBD324-9DE2-4D49-B739-BD4CAD69A55C}
	EndGlobalSection
EndGlobal
